
Microsoft Visual Studio Solution File, Format Version 12.00
# Visual Studio Version 17
VisualStudioVersion = 17.8.34525.116
MinimumVisualStudioVersion = 10.0.40219.1
Project("{FAE04EC0-301F-11D3-BF4B-00C04F79EFBC}") = "Færdighedsprøve14062024", "Færdighedsprøve14062024\Færdighedsprøve14062024.csproj", "{FBF92F06-7B50-4CC1-8A86-38DB3B97073B}"
EndProject
Global
	GlobalSection(SolutionConfigurationPlatforms) = preSolution
		Debug|Any CPU = Debug|Any CPU
		Release|Any CPU = Release|Any CPU
	EndGlobalSection
	GlobalSection(ProjectConfigurationPlatforms) = postSolution
		{FBF92F06-7B50-4CC1-8A86-38DB3B97073B}.Debug|Any CPU.ActiveCfg = Debug|Any CPU
		{FBF92F06-7B50-4CC1-8A86-38DB3B97073B}.Debug|Any CPU.Build.0 = Debug|Any CPU
		{FBF92F06-7B50-4CC1-8A86-38DB3B97073B}.Release|Any CPU.ActiveCfg = Release|Any CPU
		{FBF92F06-7B50-4CC1-8A86-38DB3B97073B}.Release|Any CPU.Build.0 = Release|Any CPU
	EndGlobalSection
	GlobalSection(SolutionProperties) = preSolution
		HideSolutionNode = FALSE
	EndGlobalSection
	GlobalSection(ExtensibilityGlobals) = postSolution
		SolutionGuid = {982F6E2E-EB2A-4738-A032-DEAFC5BEF9DD}
	EndGlobalSection
EndGlobal
